
Microsoft Visual Studio Solution File, Format Version 12.00
# Visual Studio Version 17
VisualStudioVersion = 17.6.33829.357
MinimumVisualStudioVersion = 10.0.40219.1
Project("{9A19103F-16F7-4668-BE54-9A1E7A4F7556}") = "WeatherForecastAPI", "WeatherForecastAPI\WeatherForecastAPI.csproj", "{2A233BC8-6E89-48F3-BEE1-9DADE5097E15}"
EndProject
Project("{54A90642-561A-4BB1-A94E-469ADEE60C69}") = "WeatherForecastUI", "WeatherForecastUI\WeatherForecastUI.esproj", "{74F9284B-19DE-424E-9CB1-C8B60C0563E5}"
EndProject
Project("{2150E333-8FDC-42A3-9474-1A3956D46DE8}") = "Solution Items", "Solution Items", "{0911FB8D-A4EB-423D-832F-1F856DC9C030}"
	ProjectSection(SolutionItems) = preProject
		ProblemStatemrent.md = ProblemStatemrent.md
	EndProjectSection
EndProject
Project("{9A19103F-16F7-4668-BE54-9A1E7A4F7556}") = "WeatherForecastTDD", "WeatherForecastTDD\WeatherForecastTDD.csproj", "{8ABCB3E8-92E8-491C-87F6-31E37AD10928}"
EndProject
Project("{9A19103F-16F7-4668-BE54-9A1E7A4F7556}") = "WeatherForecastBDD", "WeatherForecastBDD\WeatherForecastBDD.csproj", "{93384E20-FDBE-4D63-A0FB-9A8FEFD12B3F}"
EndProject
Project("{2150E333-8FDC-42A3-9474-1A3956D46DE8}") = "Deploy", "Deploy", "{F02B71F1-0F6B-4986-AD89-2F77FF5E87A7}"
	ProjectSection(SolutionItems) = preProject
		Deploy\api.bicep = Deploy\api.bicep
		Deploy\main.bicep = Deploy\main.bicep
	EndProjectSection
EndProject
Project("{2150E333-8FDC-42A3-9474-1A3956D46DE8}") = "Content", "Content", "{1394284D-3032-4FA2-8164-9E83FB6B830A}"
	ProjectSection(SolutionItems) = preProject
		Deploy\Content\api-policy.xml = Deploy\Content\api-policy.xml
		Deploy\Content\cos-policy.xml = Deploy\Content\cos-policy.xml
		Deploy\Content\keyVaultSecrets.json = Deploy\Content\keyVaultSecrets.json
	EndProjectSection
EndProject
Project("{2150E333-8FDC-42A3-9474-1A3956D46DE8}") = "Modules", "Modules", "{0325E34B-CFDF-44A8-A375-182C2A79C4BC}"
	ProjectSection(SolutionItems) = preProject
		Deploy\Modules\adAppRegistration.bicep = Deploy\Modules\adAppRegistration.bicep
		Deploy\Modules\apim.bicep = Deploy\Modules\apim.bicep
		Deploy\Modules\apimAPI.bicep = Deploy\Modules\apimAPI.bicep
		Deploy\Modules\apimOpenAPI.bicep = Deploy\Modules\apimOpenAPI.bicep
		Deploy\Modules\cdn.bicep = Deploy\Modules\cdn.bicep
		Deploy\Modules\function.bicep = Deploy\Modules\function.bicep
		Deploy\Modules\keyVault.bicep = Deploy\Modules\keyVault.bicep
		Deploy\Modules\staticWebsite.bicep = Deploy\Modules\staticWebsite.bicep
	EndProjectSection
EndProject
Global
	GlobalSection(SolutionConfigurationPlatforms) = preSolution
		Debug|Any CPU = Debug|Any CPU
		Release|Any CPU = Release|Any CPU
	EndGlobalSection
	GlobalSection(ProjectConfigurationPlatforms) = postSolution
		{2A233BC8-6E89-48F3-BEE1-9DADE5097E15}.Debug|Any CPU.ActiveCfg = Debug|Any CPU
		{2A233BC8-6E89-48F3-BEE1-9DADE5097E15}.Debug|Any CPU.Build.0 = Debug|Any CPU
		{2A233BC8-6E89-48F3-BEE1-9DADE5097E15}.Release|Any CPU.ActiveCfg = Debug|Any CPU
		{2A233BC8-6E89-48F3-BEE1-9DADE5097E15}.Release|Any CPU.Build.0 = Debug|Any CPU
		{74F9284B-19DE-424E-9CB1-C8B60C0563E5}.Debug|Any CPU.ActiveCfg = Debug|Any CPU
		{74F9284B-19DE-424E-9CB1-C8B60C0563E5}.Debug|Any CPU.Build.0 = Debug|Any CPU
		{74F9284B-19DE-424E-9CB1-C8B60C0563E5}.Debug|Any CPU.Deploy.0 = Debug|Any CPU
		{74F9284B-19DE-424E-9CB1-C8B60C0563E5}.Release|Any CPU.ActiveCfg = Debug|Any CPU
		{74F9284B-19DE-424E-9CB1-C8B60C0563E5}.Release|Any CPU.Build.0 = Debug|Any CPU
		{74F9284B-19DE-424E-9CB1-C8B60C0563E5}.Release|Any CPU.Deploy.0 = Debug|Any CPU
		{8ABCB3E8-92E8-491C-87F6-31E37AD10928}.Debug|Any CPU.ActiveCfg = Debug|Any CPU
		{8ABCB3E8-92E8-491C-87F6-31E37AD10928}.Debug|Any CPU.Build.0 = Debug|Any CPU
		{8ABCB3E8-92E8-491C-87F6-31E37AD10928}.Release|Any CPU.ActiveCfg = Debug|Any CPU
		{8ABCB3E8-92E8-491C-87F6-31E37AD10928}.Release|Any CPU.Build.0 = Debug|Any CPU
		{93384E20-FDBE-4D63-A0FB-9A8FEFD12B3F}.Debug|Any CPU.ActiveCfg = Debug|Any CPU
		{93384E20-FDBE-4D63-A0FB-9A8FEFD12B3F}.Debug|Any CPU.Build.0 = Debug|Any CPU
		{93384E20-FDBE-4D63-A0FB-9A8FEFD12B3F}.Release|Any CPU.ActiveCfg = Debug|Any CPU
		{93384E20-FDBE-4D63-A0FB-9A8FEFD12B3F}.Release|Any CPU.Build.0 = Debug|Any CPU
	EndGlobalSection
	GlobalSection(SolutionProperties) = preSolution
		HideSolutionNode = FALSE
	EndGlobalSection
	GlobalSection(NestedProjects) = preSolution
		{1394284D-3032-4FA2-8164-9E83FB6B830A} = {F02B71F1-0F6B-4986-AD89-2F77FF5E87A7}
		{0325E34B-CFDF-44A8-A375-182C2A79C4BC} = {F02B71F1-0F6B-4986-AD89-2F77FF5E87A7}
	EndGlobalSection
	GlobalSection(ExtensibilityGlobals) = postSolution
		SolutionGuid = {7FA0FA9E-CFDC-4F03-9B09-C7F1574F3812}
	EndGlobalSection
EndGlobal
